
Microsoft Visual Studio Solution File, Format Version 12.00
# Visual Studio Version 16
VisualStudioVersion = 16.0.30104.148
MinimumVisualStudioVersion = 10.0.40219.1
Project("{FAE04EC0-301F-11D3-BF4B-00C04F79EFBC}") = "TP_03_lucas_barrozo_Csharp", "TP_03_lucas_barrozo_Csharp\TP_03_lucas_barrozo_Csharp.csproj", "{5F66A095-2AC1-461A-AEBE-F6B7ADCA5E2E}"
EndProject
Global
	GlobalSection(SolutionConfigurationPlatforms) = preSolution
		Debug|Any CPU = Debug|Any CPU
		Release|Any CPU = Release|Any CPU
	EndGlobalSection
	GlobalSection(ProjectConfigurationPlatforms) = postSolution
		{5F66A095-2AC1-461A-AEBE-F6B7ADCA5E2E}.Debug|Any CPU.ActiveCfg = Debug|Any CPU
		{5F66A095-2AC1-461A-AEBE-F6B7ADCA5E2E}.Debug|Any CPU.Build.0 = Debug|Any CPU
		{5F66A095-2AC1-461A-AEBE-F6B7ADCA5E2E}.Release|Any CPU.ActiveCfg = Release|Any CPU
		{5F66A095-2AC1-461A-AEBE-F6B7ADCA5E2E}.Release|Any CPU.Build.0 = Release|Any CPU
	EndGlobalSection
	GlobalSection(SolutionProperties) = preSolution
		HideSolutionNode = FALSE
	EndGlobalSection
	GlobalSection(ExtensibilityGlobals) = postSolution
		SolutionGuid = {908E4057-0118-43E2-B6CF-C4458AB1C363}
	EndGlobalSection
EndGlobal
